
Microsoft Visual Studio Solution File, Format Version 12.00
# Visual Studio Version 17
VisualStudioVersion = 17.11.35312.102
MinimumVisualStudioVersion = 10.0.40219.1
Project("{FAE04EC0-301F-11D3-BF4B-00C04F79EFBC}") = "Balancemaster", "Balancemaster.csproj", "{E9A0B5AE-0B51-449A-9118-8EE1A55270EE}"
EndProject
Global
	GlobalSection(SolutionConfigurationPlatforms) = preSolution
		Debug|Any CPU = Debug|Any CPU
		Release|Any CPU = Release|Any CPU
	EndGlobalSection
	GlobalSection(ProjectConfigurationPlatforms) = postSolution
		{E9A0B5AE-0B51-449A-9118-8EE1A55270EE}.Debug|Any CPU.ActiveCfg = Debug|Any CPU
		{E9A0B5AE-0B51-449A-9118-8EE1A55270EE}.Debug|Any CPU.Build.0 = Debug|Any CPU
		{E9A0B5AE-0B51-449A-9118-8EE1A55270EE}.Release|Any CPU.ActiveCfg = Release|Any CPU
		{E9A0B5AE-0B51-449A-9118-8EE1A55270EE}.Release|Any CPU.Build.0 = Release|Any CPU
	EndGlobalSection
	GlobalSection(SolutionProperties) = preSolution
		HideSolutionNode = FALSE
	EndGlobalSection
	GlobalSection(ExtensibilityGlobals) = postSolution
		SolutionGuid = {024DD775-11F9-4BDD-8C9E-A03CEB42A126}
	EndGlobalSection
EndGlobal
